
Microsoft Visual Studio Solution File, Format Version 12.00
# Visual Studio Version 17
VisualStudioVersion = 17.10.34928.147
MinimumVisualStudioVersion = 10.0.40219.1
Project("{9A19103F-16F7-4668-BE54-9A1E7A4F7556}") = "SaveUp", "SaveUp\SaveUp.csproj", "{14BD62B4-03B5-4BFD-9C38-7838CA52FC8E}"
EndProject
Project("{FAE04EC0-301F-11D3-BF4B-00C04F79EFBC}") = "SaveUpBackend", "SaveUpBackend\SaveUpBackend.csproj", "{CA41A1DA-49EF-4B09-9330-310064F0CE3E}"
EndProject
Global
	GlobalSection(SolutionConfigurationPlatforms) = preSolution
		Debug|Any CPU = Debug|Any CPU
		Release|Any CPU = Release|Any CPU
	EndGlobalSection
	GlobalSection(ProjectConfigurationPlatforms) = postSolution
		{14BD62B4-03B5-4BFD-9C38-7838CA52FC8E}.Debug|Any CPU.ActiveCfg = Debug|Any CPU
		{14BD62B4-03B5-4BFD-9C38-7838CA52FC8E}.Debug|Any CPU.Build.0 = Debug|Any CPU
		{14BD62B4-03B5-4BFD-9C38-7838CA52FC8E}.Debug|Any CPU.Deploy.0 = Debug|Any CPU
		{14BD62B4-03B5-4BFD-9C38-7838CA52FC8E}.Release|Any CPU.ActiveCfg = Release|Any CPU
		{14BD62B4-03B5-4BFD-9C38-7838CA52FC8E}.Release|Any CPU.Build.0 = Release|Any CPU
		{14BD62B4-03B5-4BFD-9C38-7838CA52FC8E}.Release|Any CPU.Deploy.0 = Release|Any CPU
		{CA41A1DA-49EF-4B09-9330-310064F0CE3E}.Debug|Any CPU.ActiveCfg = Debug|Any CPU
		{CA41A1DA-49EF-4B09-9330-310064F0CE3E}.Debug|Any CPU.Build.0 = Debug|Any CPU
		{CA41A1DA-49EF-4B09-9330-310064F0CE3E}.Release|Any CPU.ActiveCfg = Release|Any CPU
		{CA41A1DA-49EF-4B09-9330-310064F0CE3E}.Release|Any CPU.Build.0 = Release|Any CPU
	EndGlobalSection
	GlobalSection(SolutionProperties) = preSolution
		HideSolutionNode = FALSE
	EndGlobalSection
	GlobalSection(ExtensibilityGlobals) = postSolution
		SolutionGuid = {01EED272-88CC-4DC1-BFB3-C1E0265EB7B6}
	EndGlobalSection
EndGlobal
